
Microsoft Visual Studio Solution File, Format Version 12.00
Project("{FAE04EC0-301F-11D3-BF4B-00C04F79EFBC}") = "University", "University\University.csproj", "{856CBE18-E495-4ABD-A82E-A36A1E081284}"
EndProject
Project("{FAE04EC0-301F-11D3-BF4B-00C04F79EFBC}") = "FieldTest", "FieldTest\FieldTest.csproj", "{7315B0E7-AD66-4B84-B4C0-45066F317BAC}"
EndProject
Project("{FAE04EC0-301F-11D3-BF4B-00C04F79EFBC}") = "SemesterTest", "SemesterTest\SemesterTest.csproj", "{8F888F11-86DE-4DB0-8149-31C165048E1D}"
EndProject
Project("{FAE04EC0-301F-11D3-BF4B-00C04F79EFBC}") = "SubjectTest", "SubjectTest\SubjectTest.csproj", "{15E9A093-A5C6-4371-B514-9445CCB9B615}"
EndProject
Global
	GlobalSection(SolutionConfigurationPlatforms) = preSolution
		Debug|Any CPU = Debug|Any CPU
		Release|Any CPU = Release|Any CPU
	EndGlobalSection
	GlobalSection(ProjectConfigurationPlatforms) = postSolution
		{856CBE18-E495-4ABD-A82E-A36A1E081284}.Debug|Any CPU.ActiveCfg = Debug|Any CPU
		{856CBE18-E495-4ABD-A82E-A36A1E081284}.Debug|Any CPU.Build.0 = Debug|Any CPU
		{856CBE18-E495-4ABD-A82E-A36A1E081284}.Release|Any CPU.ActiveCfg = Release|Any CPU
		{856CBE18-E495-4ABD-A82E-A36A1E081284}.Release|Any CPU.Build.0 = Release|Any CPU
		{7315B0E7-AD66-4B84-B4C0-45066F317BAC}.Debug|Any CPU.ActiveCfg = Debug|Any CPU
		{7315B0E7-AD66-4B84-B4C0-45066F317BAC}.Debug|Any CPU.Build.0 = Debug|Any CPU
		{7315B0E7-AD66-4B84-B4C0-45066F317BAC}.Release|Any CPU.ActiveCfg = Release|Any CPU
		{7315B0E7-AD66-4B84-B4C0-45066F317BAC}.Release|Any CPU.Build.0 = Release|Any CPU
		{8F888F11-86DE-4DB0-8149-31C165048E1D}.Debug|Any CPU.ActiveCfg = Debug|Any CPU
		{8F888F11-86DE-4DB0-8149-31C165048E1D}.Debug|Any CPU.Build.0 = Debug|Any CPU
		{8F888F11-86DE-4DB0-8149-31C165048E1D}.Release|Any CPU.ActiveCfg = Release|Any CPU
		{8F888F11-86DE-4DB0-8149-31C165048E1D}.Release|Any CPU.Build.0 = Release|Any CPU
		{15E9A093-A5C6-4371-B514-9445CCB9B615}.Debug|Any CPU.ActiveCfg = Debug|Any CPU
		{15E9A093-A5C6-4371-B514-9445CCB9B615}.Debug|Any CPU.Build.0 = Debug|Any CPU
		{15E9A093-A5C6-4371-B514-9445CCB9B615}.Release|Any CPU.ActiveCfg = Release|Any CPU
		{15E9A093-A5C6-4371-B514-9445CCB9B615}.Release|Any CPU.Build.0 = Release|Any CPU
	EndGlobalSection
EndGlobal
